
Microsoft Visual Studio Solution File, Format Version 12.00
# Visual Studio Version 16
VisualStudioVersion = 16.0.29920.165
MinimumVisualStudioVersion = 10.0.40219.1
Project("{FAE04EC0-301F-11D3-BF4B-00C04F79EFBC}") = "APBDcw11", "APBDcw11\APBDcw11.csproj", "{666C01F7-5FD3-465B-91FD-58988552D1A6}"
EndProject
Global
	GlobalSection(SolutionConfigurationPlatforms) = preSolution
		Debug|Any CPU = Debug|Any CPU
		Release|Any CPU = Release|Any CPU
	EndGlobalSection
	GlobalSection(ProjectConfigurationPlatforms) = postSolution
		{666C01F7-5FD3-465B-91FD-58988552D1A6}.Debug|Any CPU.ActiveCfg = Debug|Any CPU
		{666C01F7-5FD3-465B-91FD-58988552D1A6}.Debug|Any CPU.Build.0 = Debug|Any CPU
		{666C01F7-5FD3-465B-91FD-58988552D1A6}.Release|Any CPU.ActiveCfg = Release|Any CPU
		{666C01F7-5FD3-465B-91FD-58988552D1A6}.Release|Any CPU.Build.0 = Release|Any CPU
	EndGlobalSection
	GlobalSection(SolutionProperties) = preSolution
		HideSolutionNode = FALSE
	EndGlobalSection
	GlobalSection(ExtensibilityGlobals) = postSolution
		SolutionGuid = {28215B7F-EB67-45AB-8D50-BFEEBE87A694}
	EndGlobalSection
EndGlobal
